// !$*UTF8*$!
{
	archiveVersion = 1;
	classes = {
	};
	objectVersion = 46;
	objects = {

/* Begin PBXBuildFile section */
		9A86395F18A50578001FA886 /* Foundation.framework in Frameworks */ = {isa = PBXBuildFile; fileRef = 9A86395E18A50578001FA886 /* Foundation.framework */; };
		9A86396118A50578001FA886 /* CoreGraphics.framework in Frameworks */ = {isa = PBXBuildFile; fileRef = 9A86396018A50578001FA886 /* CoreGraphics.framework */; };
		9A86396318A50578001FA886 /* UIKit.framework in Frameworks */ = {isa = PBXBuildFile; fileRef = 9A86396218A50578001FA886 /* UIKit.framework */; };
		9A86396918A50578001FA886 /* InfoPlist.strings in Resources */ = {isa = PBXBuildFile; fileRef = 9A86396718A50578001FA886 /* InfoPlist.strings */; };
		9A86396B18A50578001FA886 /* main.m in Sources */ = {isa = PBXBuildFile; fileRef = 9A86396A18A50578001FA886 /* main.m */; };
		9A86396F18A50578001FA886 /* INAAppDelegate.m in Sources */ = {isa = PBXBuildFile; fileRef = 9A86396E18A50578001FA886 /* INAAppDelegate.m */; };
		9A86397218A50578001FA886 /* Main.storyboard in Resources */ = {isa = PBXBuildFile; fileRef = 9A86397018A50578001FA886 /* Main.storyboard */; };
		9A86397518A50578001FA886 /* INAViewController.m in Sources */ = {isa = PBXBuildFile; fileRef = 9A86397418A50578001FA886 /* INAViewController.m */; };
		9A86397718A50578001FA886 /* Images.xcassets in Resources */ = {isa = PBXBuildFile; fileRef = 9A86397618A50578001FA886 /* Images.xcassets */; };
		9A86397E18A50578001FA886 /* XCTest.framework in Frameworks */ = {isa = PBXBuildFile; fileRef = 9A86397D18A50578001FA886 /* XCTest.framework */; };
		9A86397F18A50578001FA886 /* Foundation.framework in Frameworks */ = {isa = PBXBuildFile; fileRef = 9A86395E18A50578001FA886 /* Foundation.framework */; };
		9A86398018A50578001FA886 /* UIKit.framework in Frameworks */ = {isa = PBXBuildFile; fileRef = 9A86396218A50578001FA886 /* UIKit.framework */; };
		9A86398818A50578001FA886 /* InfoPlist.strings in Resources */ = {isa = PBXBuildFile; fileRef = 9A86398618A50578001FA886 /* InfoPlist.strings */; };
		9A86398A18A50578001FA886 /* mapboxtestTests.m in Sources */ = {isa = PBXBuildFile; fileRef = 9A86398918A50578001FA886 /* mapboxtestTests.m */; };
/* End PBXBuildFile section */

/* Begin PBXContainerItemProxy section */
		9A86398118A50578001FA886 /* PBXContainerItemProxy */ = {
			isa = PBXContainerItemProxy;
			containerPortal = 9A86395318A50578001FA886 /* Project object */;
			proxyType = 1;
			remoteGlobalIDString = 9A86395A18A50578001FA886;
			remoteInfo = mapboxtest;
		};
/* End PBXContainerItemProxy section */

/* Begin PBXFileReference section */
		9A86395B18A50578001FA886 /* mapboxtest.app */ = {isa = PBXFileReference; explicitFileType = wrapper.application; includeInIndex = 0; path = mapboxtest.app; sourceTree = BUILT_PRODUCTS_DIR; };
		9A86395E18A50578001FA886 /* Foundation.framework */ = {isa = PBXFileReference; lastKnownFileType = wrapper.framework; name = Foundation.framework; path = System/Library/Frameworks/Foundation.framework; sourceTree = SDKROOT; };
		9A86396018A50578001FA886 /* CoreGraphics.framework */ = {isa = PBXFileReference; lastKnownFileType = wrapper.framework; name = CoreGraphics.framework; path = System/Library/Frameworks/CoreGraphics.framework; sourceTree = SDKROOT; };
		9A86396218A50578001FA886 /* UIKit.framework */ = {isa = PBXFileReference; lastKnownFileType = wrapper.framework; name = UIKit.framework; path = System/Library/Frameworks/UIKit.framework; sourceTree = SDKROOT; };
		9A86396618A50578001FA886 /* mapboxtest-Info.plist */ = {isa = PBXFileReference; lastKnownFileType = text.plist.xml; path = "mapboxtest-Info.plist"; sourceTree = "<group>"; };
		9A86396818A50578001FA886 /* en */ = {isa = PBXFileReference; lastKnownFileType = text.plist.strings; name = en; path = en.lproj/InfoPlist.strings; sourceTree = "<group>"; };
		9A86396A18A50578001FA886 /* main.m */ = {isa = PBXFileReference; lastKnownFileType = sourcecode.c.objc; path = main.m; sourceTree = "<group>"; };
		9A86396C18A50578001FA886 /* mapboxtest-Prefix.pch */ = {isa = PBXFileReference; lastKnownFileType = sourcecode.c.h; path = "mapboxtest-Prefix.pch"; sourceTree = "<group>"; };
		9A86396D18A50578001FA886 /* INAAppDelegate.h */ = {isa = PBXFileReference; lastKnownFileType = sourcecode.c.h; path = INAAppDelegate.h; sourceTree = "<group>"; };
		9A86396E18A50578001FA886 /* INAAppDelegate.m */ = {isa = PBXFileReference; lastKnownFileType = sourcecode.c.objc; path = INAAppDelegate.m; sourceTree = "<group>"; };
		9A86397118A50578001FA886 /* Base */ = {isa = PBXFileReference; lastKnownFileType = file.storyboard; name = Base; path = Base.lproj/Main.storyboard; sourceTree = "<group>"; };
		9A86397318A50578001FA886 /* INAViewController.h */ = {isa = PBXFileReference; lastKnownFileType = sourcecode.c.h; path = INAViewController.h; sourceTree = "<group>"; };
		9A86397418A50578001FA886 /* INAViewController.m */ = {isa = PBXFileReference; lastKnownFileType = sourcecode.c.objc; path = INAViewController.m; sourceTree = "<group>"; };
		9A86397618A50578001FA886 /* Images.xcassets */ = {isa = PBXFileReference; lastKnownFileType = folder.assetcatalog; path = Images.xcassets; sourceTree = "<group>"; };
		9A86397C18A50578001FA886 /* mapboxtestTests.xctest */ = {isa = PBXFileReference; explicitFileType = wrapper.cfbundle; includeInIndex = 0; path = mapboxtestTests.xctest; sourceTree = BUILT_PRODUCTS_DIR; };
		9A86397D18A50578001FA886 /* XCTest.framework */ = {isa = PBXFileReference; lastKnownFileType = wrapper.framework; name = XCTest.framework; path = Library/Frameworks/XCTest.framework; sourceTree = DEVELOPER_DIR; };
		9A86398518A50578001FA886 /* mapboxtestTests-Info.plist */ = {isa = PBXFileReference; lastKnownFileType = text.plist.xml; path = "mapboxtestTests-Info.plist"; sourceTree = "<group>"; };
		9A86398718A50578001FA886 /* en */ = {isa = PBXFileReference; lastKnownFileType = text.plist.strings; name = en; path = en.lproj/InfoPlist.strings; sourceTree = "<group>"; };
		9A86398918A50578001FA886 /* mapboxtestTests.m */ = {isa = PBXFileReference; lastKnownFileType = sourcecode.c.objc; path = mapboxtestTests.m; sourceTree = "<group>"; };
/* End PBXFileReference section */

/* Begin PBXFrameworksBuildPhase section */
		9A86395818A50578001FA886 /* Frameworks */ = {
			isa = PBXFrameworksBuildPhase;
			buildActionMask = 2147483647;
			files = (
				9A86396118A50578001FA886 /* CoreGraphics.framework in Frameworks */,
				9A86396318A50578001FA886 /* UIKit.framework in Frameworks */,
				9A86395F18A50578001FA886 /* Foundation.framework in Frameworks */,
			);
			runOnlyForDeploymentPostprocessing = 0;
		};
		9A86397918A50578001FA886 /* Frameworks */ = {
			isa = PBXFrameworksBuildPhase;
			buildActionMask = 2147483647;
			files = (
				9A86397E18A50578001FA886 /* XCTest.framework in Frameworks */,
				9A86398018A50578001FA886 /* UIKit.framework in Frameworks */,
				9A86397F18A50578001FA886 /* Foundation.framework in Frameworks */,
			);
			runOnlyForDeploymentPostprocessing = 0;
		};
/* End PBXFrameworksBuildPhase section */

/* Begin PBXGroup section */
		9A86395218A50578001FA886 = {
			isa = PBXGroup;
			children = (
				9A86396418A50578001FA886 /* mapboxtest */,
				9A86398318A50578001FA886 /* mapboxtestTests */,
				9A86395D18A50578001FA886 /* Frameworks */,
				9A86395C18A50578001FA886 /* Products */,
			);
			sourceTree = "<group>";
		};
		9A86395C18A50578001FA886 /* Products */ = {
			isa = PBXGroup;
			children = (
				9A86395B18A50578001FA886 /* mapboxtest.app */,
				9A86397C18A50578001FA886 /* mapboxtestTests.xctest */,
			);
			name = Products;
			sourceTree = "<group>";
		};
		9A86395D18A50578001FA886 /* Frameworks */ = {
			isa = PBXGroup;
			children = (
				9A86395E18A50578001FA886 /* Foundation.framework */,
				9A86396018A50578001FA886 /* CoreGraphics.framework */,
				9A86396218A50578001FA886 /* UIKit.framework */,
				9A86397D18A50578001FA886 /* XCTest.framework */,
			);
			name = Frameworks;
			sourceTree = "<group>";
		};
		9A86396418A50578001FA886 /* mapboxtest */ = {
			isa = PBXGroup;
			children = (
				9A86396D18A50578001FA886 /* INAAppDelegate.h */,
				9A86396E18A50578001FA886 /* INAAppDelegate.m */,
				9A86397018A50578001FA886 /* Main.storyboard */,
				9A86397318A50578001FA886 /* INAViewController.h */,
				9A86397418A50578001FA886 /* INAViewController.m */,
				9A86397618A50578001FA886 /* Images.xcassets */,
				9A86396518A50578001FA886 /* Supporting Files */,
			);
			path = mapboxtest;
			sourceTree = "<group>";
		};
		9A86396518A50578001FA886 /* Supporting Files */ = {
			isa = PBXGroup;
			children = (
				9A86396618A50578001FA886 /* mapboxtest-Info.plist */,
				9A86396718A50578001FA886 /* InfoPlist.strings */,
				9A86396A18A50578001FA886 /* main.m */,
				9A86396C18A50578001FA886 /* mapboxtest-Prefix.pch */,
			);
			name = "Supporting Files";
			sourceTree = "<group>";
		};
		9A86398318A50578001FA886 /* mapboxtestTests */ = {
			isa = PBXGroup;
			children = (
				9A86398918A50578001FA886 /* mapboxtestTests.m */,
				9A86398418A50578001FA886 /* Supporting Files */,
			);
			path = mapboxtestTests;
			sourceTree = "<group>";
		};
		9A86398418A50578001FA886 /* Supporting Files */ = {
			isa = PBXGroup;
			children = (
				9A86398518A50578001FA886 /* mapboxtestTests-Info.plist */,
				9A86398618A50578001FA886 /* InfoPlist.strings */,
			);
			name = "Supporting Files";
			sourceTree = "<group>";
		};
/* End PBXGroup section */

/* Begin PBXNativeTarget section */
		9A86395A18A50578001FA886 /* mapboxtest */ = {
			isa = PBXNativeTarget;
			buildConfigurationList = 9A86398D18A50578001FA886 /* Build configuration list for PBXNativeTarget "mapboxtest" */;
			buildPhases = (
				9A86395718A50578001FA886 /* Sources */,
				9A86395818A50578001FA886 /* Frameworks */,
				9A86395918A50578001FA886 /* Resources */,
			);
			buildRules = (
			);
			dependencies = (
			);
			name = mapboxtest;
			productName = mapboxtest;
			productReference = 9A86395B18A50578001FA886 /* mapboxtest.app */;
			productType = "com.apple.product-type.application";
		};
		9A86397B18A50578001FA886 /* mapboxtestTests */ = {
			isa = PBXNativeTarget;
			buildConfigurationList = 9A86399018A50578001FA886 /* Build configuration list for PBXNativeTarget "mapboxtestTests" */;
			buildPhases = (
				9A86397818A50578001FA886 /* Sources */,
				9A86397918A50578001FA886 /* Frameworks */,
				9A86397A18A50578001FA886 /* Resources */,
			);
			buildRules = (
			);
			dependencies = (
				9A86398218A50578001FA886 /* PBXTargetDependency */,
			);
			name = mapboxtestTests;
			productName = mapboxtestTests;
			productReference = 9A86397C18A50578001FA886 /* mapboxtestTests.xctest */;
			productType = "com.apple.product-type.bundle.unit-test";
		};
/* End PBXNativeTarget section */

/* Begin PBXProject section */
		9A86395318A50578001FA886 /* Project object */ = {
			isa = PBXProject;
			attributes = {
				CLASSPREFIX = INA;
				LastUpgradeCheck = 0500;
				ORGANIZATIONNAME = "Hans Olav Nome";
				TargetAttributes = {
					9A86397B18A50578001FA886 = {
						TestTargetID = 9A86395A18A50578001FA886;
					};
				};
			};
			buildConfigurationList = 9A86395618A50578001FA886 /* Build configuration list for PBXProject "mapboxtest" */;
			compatibilityVersion = "Xcode 3.2";
			developmentRegion = English;
			hasScannedForEncodings = 0;
			knownRegions = (
				en,
				Base,
			);
			mainGroup = 9A86395218A50578001FA886;
			productRefGroup = 9A86395C18A50578001FA886 /* Products */;
			projectDirPath = "";
			projectRoot = "";
			targets = (
				9A86395A18A50578001FA886 /* mapboxtest */,
				9A86397B18A50578001FA886 /* mapboxtestTests */,
			);
		};
/* End PBXProject section */

/* Begin PBXResourcesBuildPhase section */
		9A86395918A50578001FA886 /* Resources */ = {
			isa = PBXResourcesBuildPhase;
			buildActionMask = 2147483647;
			files = (
				9A86397718A50578001FA886 /* Images.xcassets in Resources */,
				9A86396918A50578001FA886 /* InfoPlist.strings in Resources */,
				9A86397218A50578001FA886 /* Main.storyboard in Resources */,
			);
			runOnlyForDeploymentPostprocessing = 0;
		};
		9A86397A18A50578001FA886 /* Resources */ = {
			isa = PBXResourcesBuildPhase;
			buildActionMask = 2147483647;
			files = (
				9A86398818A50578001FA886 /* InfoPlist.strings in Resources */,
			);
			runOnlyForDeploymentPostprocessing = 0;
		};
/* End PBXResourcesBuildPhase section */

/* Begin PBXSourcesBuildPhase section */
		9A86395718A50578001FA886 /* Sources */ = {
			isa = PBXSourcesBuildPhase;
			buildActionMask = 2147483647;
			files = (
				9A86396B18A50578001FA886 /* main.m in Sources */,
				9A86396F18A50578001FA886 /* INAAppDelegate.m in Sources */,
				9A86397518A50578001FA886 /* INAViewController.m in Sources */,
			);
			runOnlyForDeploymentPostprocessing = 0;
		};
		9A86397818A50578001FA886 /* Sources */ = {
			isa = PBXSourcesBuildPhase;
			buildActionMask = 2147483647;
			files = (
				9A86398A18A50578001FA886 /* mapboxtestTests.m in Sources */,
			);
			runOnlyForDeploymentPostprocessing = 0;
		};
/* End PBXSourcesBuildPhase section */

/* Begin PBXTargetDependency section */
		9A86398218A50578001FA886 /* PBXTargetDependency */ = {
			isa = PBXTargetDependency;
			target = 9A86395A18A50578001FA886 /* mapboxtest */;
			targetProxy = 9A86398118A50578001FA886 /* PBXContainerItemProxy */;
		};
/* End PBXTargetDependency section */

/* Begin PBXVariantGroup section */
		9A86396718A50578001FA886 /* InfoPlist.strings */ = {
			isa = PBXVariantGroup;
			children = (
				9A86396818A50578001FA886 /* en */,
			);
			name = InfoPlist.strings;
			sourceTree = "<group>";
		};
		9A86397018A50578001FA886 /* Main.storyboard */ = {
			isa = PBXVariantGroup;
			children = (
				9A86397118A50578001FA886 /* Base */,
			);
			name = Main.storyboard;
			sourceTree = "<group>";
		};
		9A86398618A50578001FA886 /* InfoPlist.strings */ = {
			isa = PBXVariantGroup;
			children = (
				9A86398718A50578001FA886 /* en */,
			);
			name = InfoPlist.strings;
			sourceTree = "<group>";
		};
/* End PBXVariantGroup section */

/* Begin XCBuildConfiguration section */
		9A86398B18A50578001FA886 /* Debug */ = {
			isa = XCBuildConfiguration;
			buildSettings = {
				ALWAYS_SEARCH_USER_PATHS = NO;
				ARCHS = "$(ARCHS_STANDARD_INCLUDING_64_BIT)";
				CLANG_CXX_LANGUAGE_STANDARD = "gnu++0x";
				CLANG_CXX_LIBRARY = "libc++";
				CLANG_ENABLE_MODULES = YES;
				CLANG_ENABLE_OBJC_ARC = YES;
				CLANG_WARN_BOOL_CONVERSION = YES;
				CLANG_WARN_CONSTANT_CONVERSION = YES;
				CLANG_WARN_DIRECT_OBJC_ISA_USAGE = YES_ERROR;
				CLANG_WARN_EMPTY_BODY = YES;
				CLANG_WARN_ENUM_CONVERSION = YES;
				CLANG_WARN_INT_CONVERSION = YES;
				CLANG_WARN_OBJC_ROOT_CLASS = YES_ERROR;
				CLANG_WARN__DUPLICATE_METHOD_MATCH = YES;
				"CODE_SIGN_IDENTITY[sdk=iphoneos*]" = "iPhone Developer";
				COPY_PHASE_STRIP = NO;
				GCC_C_LANGUAGE_STANDARD = gnu99;
				GCC_DYNAMIC_NO_PIC = NO;
				GCC_OPTIMIZATION_LEVEL = 0;
				GCC_PREPROCESSOR_DEFINITIONS = (
					"DEBUG=1",
					"$(inherited)",
				);
				GCC_SYMBOLS_PRIVATE_EXTERN = NO;
				GCC_WARN_64_TO_32_BIT_CONVERSION = YES;
				GCC_WARN_ABOUT_RETURN_TYPE = YES_ERROR;
				GCC_WARN_UNDECLARED_SELECTOR = YES;
				GCC_WARN_UNINITIALIZED_AUTOS = YES;
				GCC_WARN_UNUSED_FUNCTION = YES;
				GCC_WARN_UNUSED_VARIABLE = YES;
				IPHONEOS_DEPLOYMENT_TARGET = 7.0;
				ONLY_ACTIVE_ARCH = YES;
				SDKROOT = iphoneos;
			};
			name = Debug;
		};
		9A86398C18A50578001FA886 /* Release */ = {
			isa = XCBuildConfiguration;
			buildSettings = {
				ALWAYS_SEARCH_USER_PATHS = NO;
				ARCHS = "$(ARCHS_STANDARD_INCLUDING_64_BIT)";
				CLANG_CXX_LANGUAGE_STANDARD = "gnu++0x";
				CLANG_CXX_LIBRARY = "libc++";
				CLANG_ENABLE_MODULES = YES;
				CLANG_ENABLE_OBJC_ARC = YES;
				CLANG_WARN_BOOL_CONVERSION = YES;
				CLANG_WARN_CONSTANT_CONVERSION = YES;
				CLANG_WARN_DIRECT_OBJC_ISA_USAGE = YES_ERROR;
				CLANG_WARN_EMPTY_BODY = YES;
				CLANG_WARN_ENUM_CONVERSION = YES;
				CLANG_WARN_INT_CONVERSION = YES;
				CLANG_WARN_OBJC_ROOT_CLASS = YES_ERROR;
				CLANG_WARN__DUPLICATE_METHOD_MATCH = YES;
				"CODE_SIGN_IDENTITY[sdk=iphoneos*]" = "iPhone Developer";
				COPY_PHASE_STRIP = YES;
				ENABLE_NS_ASSERTIONS = NO;
				GCC_C_LANGUAGE_STANDARD = gnu99;
				GCC_WARN_64_TO_32_BIT_CONVERSION = YES;
				GCC_WARN_ABOUT_RETURN_TYPE = YES_ERROR;
				GCC_WARN_UNDECLARED_SELECTOR = YES;
				GCC_WARN_UNINITIALIZED_AUTOS = YES;
				GCC_WARN_UNUSED_FUNCTION = YES;
				GCC_WARN_UNUSED_VARIABLE = YES;
				IPHONEOS_DEPLOYMENT_TARGET = 7.0;
				SDKROOT = iphoneos;
				VALIDATE_PRODUCT = YES;
			};
			name = Release;
		};
		9A86398E18A50578001FA886 /* Debug */ = {
			isa = XCBuildConfiguration;
			buildSettings = {
				ASSETCATALOG_COMPILER_APPICON_NAME = AppIcon;
				ASSETCATALOG_COMPILER_LAUNCHIMAGE_NAME = LaunchImage;
				GCC_PRECOMPILE_PREFIX_HEADER = YES;
				GCC_PREFIX_HEADER = "mapboxtest/mapboxtest-Prefix.pch";
				INFOPLIST_FILE = "mapboxtest/mapboxtest-Info.plist";
				PRODUCT_NAME = "$(TARGET_NAME)";
				WRAPPER_EXTENSION = app;
			};
			name = Debug;
		};
		9A86398F18A50578001FA886 /* Release */ = {
			isa = XCBuildConfiguration;
			buildSettings = {
				ASSETCATALOG_COMPILER_APPICON_NAME = AppIcon;
				ASSETCATALOG_COMPILER_LAUNCHIMAGE_NAME = LaunchImage;
				GCC_PRECOMPILE_PREFIX_HEADER = YES;
				GCC_PREFIX_HEADER = "mapboxtest/mapboxtest-Prefix.pch";
				INFOPLIST_FILE = "mapboxtest/mapboxtest-Info.plist";
				PRODUCT_NAME = "$(TARGET_NAME)";
				WRAPPER_EXTENSION = app;
			};
			name = Release;
		};
		9A86399118A50578001FA886 /* Debug */ = {
			isa = XCBuildConfiguration;
			buildSettings = {
				ARCHS = "$(ARCHS_STANDARD_INCLUDING_64_BIT)";
				BUNDLE_LOADER = "$(BUILT_PRODUCTS_DIR)/mapboxtest.app/mapboxtest";
				FRAMEWORK_SEARCH_PATHS = (
					"$(SDKROOT)/Developer/Library/Frameworks",
					"$(inherited)",
					"$(DEVELOPER_FRAMEWORKS_DIR)",
				);
				GCC_PRECOMPILE_PREFIX_HEADER = YES;
				GCC_PREFIX_HEADER = "mapboxtest/mapboxtest-Prefix.pch";
				GCC_PREPROCESSOR_DEFINITIONS = (
					"DEBUG=1",
					"$(inherited)",
				);
				INFOPLIST_FILE = "mapboxtestTests/mapboxtestTests-Info.plist";
				PRODUCT_NAME = "$(TARGET_NAME)";
				TEST_HOST = "$(BUNDLE_LOADER)";
				WRAPPER_EXTENSION = xctest;
			};
			name = Debug;
		};
		9A86399218A50578001FA886 /* Release */ = {
			isa = XCBuildConfiguration;
			buildSettings = {
				ARCHS = "$(ARCHS_STANDARD_INCLUDING_64_BIT)";
				BUNDLE_LOADER = "$(BUILT_PRODUCTS_DIR)/mapboxtest.app/mapboxtest";
				FRAMEWORK_SEARCH_PATHS = (
					"$(SDKROOT)/Developer/Library/Frameworks",
					"$(inherited)",
					"$(DEVELOPER_FRAMEWORKS_DIR)",
				);
				GCC_PRECOMPILE_PREFIX_HEADER = YES;
				GCC_PREFIX_HEADER = "mapboxtest/mapboxtest-Prefix.pch";
				INFOPLIST_FILE = "mapboxtestTests/mapboxtestTests-Info.plist";
				PRODUCT_NAME = "$(TARGET_NAME)";
				TEST_HOST = "$(BUNDLE_LOADER)";
				WRAPPER_EXTENSION = xctest;
			};
			name = Release;
		};
/* End XCBuildConfiguration section */

/* Begin XCConfigurationList section */
		9A86395618A50578001FA886 /* Build configuration list for PBXProject "mapboxtest" */ = {
			isa = XCConfigurationList;
			buildConfigurations = (
				9A86398B18A50578001FA886 /* Debug */,
				9A86398C18A50578001FA886 /* Release */,
			);
			defaultConfigurationIsVisible = 0;
			defaultConfigurationName = Release;
		};
		9A86398D18A50578001FA886 /* Build configuration list for PBXNativeTarget "mapboxtest" */ = {
			isa = XCConfigurationList;
			buildConfigurations = (
				9A86398E18A50578001FA886 /* Debug */,
				9A86398F18A50578001FA886 /* Release */,
			);
			defaultConfigurationIsVisible = 0;
		};
		9A86399018A50578001FA886 /* Build configuration list for PBXNativeTarget "mapboxtestTests" */ = {
			isa = XCConfigurationList;
			buildConfigurations = (
				9A86399118A50578001FA886 /* Debug */,
				9A86399218A50578001FA886 /* Release */,
			);
			defaultConfigurationIsVisible = 0;
		};
/* End XCConfigurationList section */
	};
	rootObject = 9A86395318A50578001FA886 /* Project object */;
}
